
Microsoft Visual Studio Solution File, Format Version 12.00
# Visual Studio Version 17
VisualStudioVersion = 17.7.34031.279
MinimumVisualStudioVersion = 10.0.40219.1
Project("{9A19103F-16F7-4668-BE54-9A1E7A4F7556}") = "SmtpProxyServer", "SmtpProxyServer\SmtpProxyServer.csproj", "{08A01DBB-B966-4A27-B04A-4327FA96BF96}"
EndProject
Global
	GlobalSection(SolutionConfigurationPlatforms) = preSolution
		Debug|Any CPU = Debug|Any CPU
		Debug|x64 = Debug|x64
		Release|Any CPU = Release|Any CPU
		Release|x64 = Release|x64
	EndGlobalSection
	GlobalSection(ProjectConfigurationPlatforms) = postSolution
		{08A01DBB-B966-4A27-B04A-4327FA96BF96}.Debug|Any CPU.ActiveCfg = Debug|Any CPU
		{08A01DBB-B966-4A27-B04A-4327FA96BF96}.Debug|Any CPU.Build.0 = Debug|Any CPU
		{08A01DBB-B966-4A27-B04A-4327FA96BF96}.Debug|x64.ActiveCfg = Debug|x64
		{08A01DBB-B966-4A27-B04A-4327FA96BF96}.Debug|x64.Build.0 = Debug|x64
		{08A01DBB-B966-4A27-B04A-4327FA96BF96}.Release|Any CPU.ActiveCfg = Release|Any CPU
		{08A01DBB-B966-4A27-B04A-4327FA96BF96}.Release|Any CPU.Build.0 = Release|Any CPU
		{08A01DBB-B966-4A27-B04A-4327FA96BF96}.Release|x64.ActiveCfg = Release|x64
		{08A01DBB-B966-4A27-B04A-4327FA96BF96}.Release|x64.Build.0 = Release|x64
	EndGlobalSection
	GlobalSection(SolutionProperties) = preSolution
		HideSolutionNode = FALSE
	EndGlobalSection
	GlobalSection(ExtensibilityGlobals) = postSolution
		SolutionGuid = {D62F9E68-FD0D-48AB-ACB5-836A80D12B1F}
	EndGlobalSection
EndGlobal
